{
  "nodes": {
    "autoLayoutYazi": {
      "flake": false,
      "locked": {
        "lastModified": 1753889470,
        "narHash": "sha256-4vRIGU/ArXhW9ervhyNhpfDN7UF4pqVYnxi6FExlgGk=",
        "owner": "luccahuguet",
        "repo": "auto-layout.yazi",
        "rev": "e24bee9f6dd15ff80eae1b3dc1a6b06ee7e66121",
        "type": "github"
      },
      "original": {
        "owner": "luccahuguet",
        "repo": "auto-layout.yazi",
        "type": "github"
      }
    },
    "base16": {
      "inputs": {
        "fromYaml": "fromYaml"
      },
      "locked": {
        "lastModified": 1755819240,
        "narHash": "sha256-qcMhnL7aGAuFuutH4rq9fvAhCpJWVHLcHVZLtPctPlo=",
        "owner": "SenchoPens",
        "repo": "base16.nix",
        "rev": "75ed5e5e3fce37df22e49125181fa37899c3ccd6",
        "type": "github"
      },
      "original": {
        "owner": "SenchoPens",
        "repo": "base16.nix",
        "type": "github"
      }
    },
    "base16-fish": {
      "flake": false,
      "locked": {
        "lastModified": 1765809053,
        "narHash": "sha256-XCUQLoLfBJ8saWms2HCIj4NEN+xNsWBlU1NrEPcQG4s=",
        "owner": "tomyun",
        "repo": "base16-fish",
        "rev": "86cbea4dca62e08fb7fd83a70e96472f92574782",
        "type": "github"
      },
      "original": {
        "owner": "tomyun",
        "repo": "base16-fish",
        "rev": "86cbea4dca62e08fb7fd83a70e96472f92574782",
        "type": "github"
      }
    },
    "base16-helix": {
      "flake": false,
      "locked": {
        "lastModified": 1776754714,
        "narHash": "sha256-E3OAK27smtATTmX45uoTSRsVD+Y+ZiVVfgM/tjpbtYg=",
        "owner": "tinted-theming",
        "repo": "base16-helix",
        "rev": "4d508123037e7851ad36ebf7d9c48b0e9e1eb581",
        "type": "github"
      },
      "original": {
        "owner": "tinted-theming",
        "repo": "base16-helix",
        "type": "github"
      }
    },
    "base16-vim": {
      "flake": false,
      "locked": {
        "lastModified": 1732806396,
        "narHash": "sha256-e0bpPySdJf0F68Ndanwm+KWHgQiZ0s7liLhvJSWDNsA=",
        "owner": "tinted-theming",
        "repo": "base16-vim",
        "rev": "577fe8125d74ff456cf942c733a85d769afe58b7",
        "type": "github"
      },
      "original": {
        "owner": "tinted-theming",
        "repo": "base16-vim",
        "rev": "577fe8125d74ff456cf942c733a85d769afe58b7",
        "type": "github"
      }
    },
    "crane": {
      "locked": {
        "lastModified": 1776396856,
        "narHash": "sha256-aRJpIJUlZLaf06ekPvqjuU46zvO9K90IxJGpbqodkPs=",
        "owner": "ipetkov",
        "repo": "crane",
        "rev": "28462d6d55c33206ffa5a56c7907ca3125ed788f",
        "type": "github"
      },
      "original": {
        "owner": "ipetkov",
        "repo": "crane",
        "type": "github"
      }
    },
    "evil-yazelix-helix": {
      "inputs": {
        "nixpkgs": [
          "nixpkgs"
        ],
        "rust-overlay": "rust-overlay"
      },
      "locked": {
        "lastModified": 1783688822,
        "narHash": "sha256-Mz9aCucJahQwGzZTPvCGxqsmLpGIitPCVxAiMoU4bM0=",
        "owner": "MaySeikatsu",
        "repo": "evil-yazelix-helix",
        "rev": "1fb1b6394cd03ce6e2fbcf6795fb133983aecafc",
        "type": "github"
      },
      "original": {
        "owner": "MaySeikatsu",
        "repo": "evil-yazelix-helix",
        "type": "github"
      }
    },
    "fenix": {
      "inputs": {
        "nixpkgs": [
          "fsel",
          "naersk",
          "nixpkgs"
        ],
        "rust-analyzer-src": "rust-analyzer-src"
      },
      "locked": {
        "lastModified": 1752475459,
        "narHash": "sha256-z6QEu4ZFuHiqdOPbYss4/Q8B0BFhacR8ts6jO/F/aOU=",
        "owner": "nix-community",
        "repo": "fenix",
        "rev": "bf0d6f70f4c9a9cf8845f992105652173f4b617f",
        "type": "github"
      },
      "original": {
        "owner": "nix-community",
        "repo": "fenix",
        "type": "github"
      }
    },
    "fenix_2": {
      "inputs": {
        "nixpkgs": [
          "yazelix-hm",
          "yazelixScreen",
          "nixpkgs"
        ],
        "rust-analyzer-src": "rust-analyzer-src_2"
      },
      "locked": {
        "lastModified": 1777969788,
        "narHash": "sha256-8sr3w0KyQ0K7TEd8pYwYrxiDk0GZ4A7iIcl1lsxlzVM=",
        "owner": "nix-community",
        "repo": "fenix",
        "rev": "3abc2d5559f4dc30c710ab152abcb4cb60b561ba",
        "type": "github"
      },
      "original": {
        "owner": "nix-community",
        "repo": "fenix",
        "type": "github"
      }
    },
    "fenix_3": {
      "inputs": {
        "nixpkgs": [
          "yazelix-hm",
          "yazelixZellijBar",
          "nixpkgs"
        ],
        "rust-analyzer-src": "rust-analyzer-src_3"
      },
      "locked": {
        "lastModified": 1777969788,
        "narHash": "sha256-8sr3w0KyQ0K7TEd8pYwYrxiDk0GZ4A7iIcl1lsxlzVM=",
        "owner": "nix-community",
        "repo": "fenix",
        "rev": "3abc2d5559f4dc30c710ab152abcb4cb60b561ba",
        "type": "github"
      },
      "original": {
        "owner": "nix-community",
        "repo": "fenix",
        "type": "github"
      }
    },
    "fenix_4": {
      "inputs": {
        "nixpkgs": [
          "yazelix-hm",
          "yazelixZellijPaneOrchestrator",
          "nixpkgs"
        ],
        "rust-analyzer-src": "rust-analyzer-src_4"
      },
      "locked": {
        "lastModified": 1779270500,
        "narHash": "sha256-r60KTphdevmdIDz1iJ529HvcpOq082ZZ1OnN3jDnrqk=",
        "owner": "nix-community",
        "repo": "fenix",
        "rev": "848395a91def85c11694587636151d89555f1ddb",
        "type": "github"
      },
      "original": {
        "owner": "nix-community",
        "repo": "fenix",
        "type": "github"
      }
    },
    "fenix_5": {
      "inputs": {
        "nixpkgs": "nixpkgs_3",
        "rust-analyzer-src": "rust-analyzer-src_5"
      },
      "locked": {
        "lastModified": 1777969788,
        "narHash": "sha256-8sr3w0KyQ0K7TEd8pYwYrxiDk0GZ4A7iIcl1lsxlzVM=",
        "owner": "nix-community",
        "repo": "fenix",
        "rev": "3abc2d5559f4dc30c710ab152abcb4cb60b561ba",
        "type": "github"
      },
      "original": {
        "owner": "nix-community",
        "repo": "fenix",
        "type": "github"
      }
    },
    "firefox-gnome-theme": {
      "flake": false,
      "locked": {
        "lastModified": 1779670703,
        "narHash": "sha256-UdfMivNMwCCqQsYDg5pSz8X2IOaOrIZLIIy+Bg3CO2o=",
        "owner": "rafaelmardojai",
        "repo": "firefox-gnome-theme",
        "rev": "942159e73e40bf785816f7f1f5feed9ef3d7c8f9",
        "type": "github"
      },
      "original": {
        "owner": "rafaelmardojai",
        "repo": "firefox-gnome-theme",
        "type": "github"
      }
    },
    "flake-compat": {
      "locked": {
        "lastModified": 1733328505,
        "narHash": "sha256-NeCCThCEP3eCl2l/+27kNNK7QrwZB1IJCrXfrbv5oqU=",
        "rev": "ff81ac966bb2cae68946d5ed5fc4994f96d0ffec",
        "revCount": 69,
        "type": "tarball",
        "url": "https://api.flakehub.com/f/pinned/edolstra/flake-compat/1.1.0/01948eb7-9cba-704f-bbf3-3fa956735b52/source.tar.gz"
      },
      "original": {
        "type": "tarball",
        "url": "https://flakehub.com/f/edolstra/flake-compat/1.tar.gz"
      }
    },
    "flake-parts": {
      "inputs": {
        "nixpkgs-lib": "nixpkgs-lib"
      },
      "locked": {
        "lastModified": 1782949081,
        "narHash": "sha256-vp6Y/Grm98ESt6ceOkWiHWyZRDV3J1RID4w+6NWK9yA=",
        "owner": "hercules-ci",
        "repo": "flake-parts",
        "rev": "17c9d6cdfc60c64f4ee8d306f9bc0b4ccb51481e",
        "type": "github"
      },
      "original": {
        "owner": "hercules-ci",
        "repo": "flake-parts",
        "type": "github"
      }
    },
    "flake-parts_2": {
      "inputs": {
        "nixpkgs-lib": [
          "stylix",
          "nixpkgs"
        ]
      },
      "locked": {
        "lastModified": 1778716662,
        "narHash": "sha256-m1Yf0wZ8j1OHjTc2UwHwyQRSnNeSgLJOd7q5Y45hzi4=",
        "owner": "hercules-ci",
        "repo": "flake-parts",
        "rev": "f7c1a2d347e4c52d5fb8d10cb4d94b5884e546fb",
        "type": "github"
      },
      "original": {
        "owner": "hercules-ci",
        "repo": "flake-parts",
        "type": "github"
      }
    },
    "flake-parts_3": {
      "inputs": {
        "nixpkgs-lib": [
          "tagstudio",
          "nixpkgs"
        ]
      },
      "locked": {
        "lastModified": 1778716662,
        "narHash": "sha256-m1Yf0wZ8j1OHjTc2UwHwyQRSnNeSgLJOd7q5Y45hzi4=",
        "owner": "hercules-ci",
        "repo": "flake-parts",
        "rev": "f7c1a2d347e4c52d5fb8d10cb4d94b5884e546fb",
        "type": "github"
      },
      "original": {
        "owner": "hercules-ci",
        "repo": "flake-parts",
        "type": "github"
      }
    },
    "flake-parts_4": {
      "inputs": {
        "nixpkgs-lib": "nixpkgs-lib_2"
      },
      "locked": {
        "lastModified": 1778716662,
        "narHash": "sha256-m1Yf0wZ8j1OHjTc2UwHwyQRSnNeSgLJOd7q5Y45hzi4=",
        "owner": "hercules-ci",
        "repo": "flake-parts",
        "rev": "f7c1a2d347e4c52d5fb8d10cb4d94b5884e546fb",
        "type": "github"
      },
      "original": {
        "owner": "hercules-ci",
        "repo": "flake-parts",
        "type": "github"
      }
    },
    "flake-utils": {
      "inputs": {
        "systems": "systems"
      },
      "locked": {
        "lastModified": 1731533236,
        "narHash": "sha256-l0KFg5HjrsfsO/JpG+r7fRrqm12kzFHyUHqHCVpMMbI=",
        "owner": "numtide",
        "repo": "flake-utils",
        "rev": "11707dc2f618dd54ca8739b309ec4fc024de578b",
        "type": "github"
      },
      "original": {
        "owner": "numtide",
        "repo": "flake-utils",
        "type": "github"
      }
    },
    "flake-utils_2": {
      "inputs": {
        "systems": "systems_3"
      },
      "locked": {
        "lastModified": 1731533236,
        "narHash": "sha256-l0KFg5HjrsfsO/JpG+r7fRrqm12kzFHyUHqHCVpMMbI=",
        "owner": "numtide",
        "repo": "flake-utils",
        "rev": "11707dc2f618dd54ca8739b309ec4fc024de578b",
        "type": "github"
      },
      "original": {
        "owner": "numtide",
        "repo": "flake-utils",
        "type": "github"
      }
    },
    "flake-utils_3": {
      "inputs": {
        "systems": "systems_5"
      },
      "locked": {
        "lastModified": 1731533236,
        "narHash": "sha256-l0KFg5HjrsfsO/JpG+r7fRrqm12kzFHyUHqHCVpMMbI=",
        "owner": "numtide",
        "repo": "flake-utils",
        "rev": "11707dc2f618dd54ca8739b309ec4fc024de578b",
        "type": "github"
      },
      "original": {
        "owner": "numtide",
        "repo": "flake-utils",
        "type": "github"
      }
    },
    "flake-utils_4": {
      "inputs": {
        "systems": "systems_8"
      },
      "locked": {
        "lastModified": 1731533236,
        "narHash": "sha256-l0KFg5HjrsfsO/JpG+r7fRrqm12kzFHyUHqHCVpMMbI=",
        "owner": "numtide",
        "repo": "flake-utils",
        "rev": "11707dc2f618dd54ca8739b309ec4fc024de578b",
        "type": "github"
      },
      "original": {
        "owner": "numtide",
        "repo": "flake-utils",
        "type": "github"
      }
    },
    "flake-utils_5": {
      "inputs": {
        "systems": "systems_9"
      },
      "locked": {
        "lastModified": 1731533236,
        "narHash": "sha256-l0KFg5HjrsfsO/JpG+r7fRrqm12kzFHyUHqHCVpMMbI=",
        "owner": "numtide",
        "repo": "flake-utils",
        "rev": "11707dc2f618dd54ca8739b309ec4fc024de578b",
        "type": "github"
      },
      "original": {
        "owner": "numtide",
        "repo": "flake-utils",
        "type": "github"
      }
    },
    "flake-utils_6": {
      "inputs": {
        "systems": "systems_10"
      },
      "locked": {
        "lastModified": 1731533236,
        "narHash": "sha256-l0KFg5HjrsfsO/JpG+r7fRrqm12kzFHyUHqHCVpMMbI=",
        "owner": "numtide",
        "repo": "flake-utils",
        "rev": "11707dc2f618dd54ca8739b309ec4fc024de578b",
        "type": "github"
      },
      "original": {
        "owner": "numtide",
        "repo": "flake-utils",
        "type": "github"
      }
    },
    "forest-hx": {
      "flake": false,
      "locked": {
        "lastModified": 1783948657,
        "narHash": "sha256-kQox4neRkJg5te6bbozur3/TW4m7u3VrPrZI3jE985k=",
        "owner": "Ra77a3l3-jar",
        "repo": "forest.hx",
        "rev": "76f539932e78f3f7c6627379c9ca46dc8482128f",
        "type": "github"
      },
      "original": {
        "owner": "Ra77a3l3-jar",
        "repo": "forest.hx",
        "type": "github"
      }
    },
    "fromYaml": {
      "flake": false,
      "locked": {
        "lastModified": 1731966426,
        "narHash": "sha256-lq95WydhbUTWig/JpqiB7oViTcHFP8Lv41IGtayokA8=",
        "owner": "SenchoPens",
        "repo": "fromYaml",
        "rev": "106af9e2f715e2d828df706c386a685698f3223b",
        "type": "github"
      },
      "original": {
        "owner": "SenchoPens",
        "repo": "fromYaml",
        "type": "github"
      }
    },
    "fsel": {
      "inputs": {
        "flake-utils": "flake-utils",
        "naersk": "naersk",
        "nixpkgs": [
          "nixpkgs"
        ]
      },
      "locked": {
        "lastModified": 1781478132,
        "narHash": "sha256-XGKD/DId5Eont4ytPV7LfGvykDRalMWx4pbkRVUNzxY=",
        "owner": "mjoyufull",
        "repo": "fsel",
        "rev": "8a12d4f35e78297f3e2d55e026185710bff38338",
        "type": "github"
      },
      "original": {
        "owner": "mjoyufull",
        "repo": "fsel",
        "type": "github"
      }
    },
    "glyph-hx": {
      "flake": false,
      "locked": {
        "lastModified": 1783518581,
        "narHash": "sha256-oAdU9nRKRMkxORE2C3rrzuT5B2c0eIttfFGf/2e57s4=",
        "owner": "Ra77a3l3-jar",
        "repo": "glyph.hx",
        "rev": "12972747ac56ed60dc721b870367180875120308",
        "type": "github"
      },
      "original": {
        "owner": "Ra77a3l3-jar",
        "repo": "glyph.hx",
        "type": "github"
      }
    },
    "gnome-shell": {
      "flake": false,
      "locked": {
        "lastModified": 1767737596,
        "narHash": "sha256-eFujfIUQDgWnSJBablOuG+32hCai192yRdrNHTv0a+s=",
        "owner": "GNOME",
        "repo": "gnome-shell",
        "rev": "ef02db02bf0ff342734d525b5767814770d85b49",
        "type": "github"
      },
      "original": {
        "owner": "GNOME",
        "repo": "gnome-shell",
        "rev": "ef02db02bf0ff342734d525b5767814770d85b49",
        "type": "github"
      }
    },
    "gslapper": {
      "inputs": {
        "flake-utils": [
          "sysc-greet",
          "flake-utils"
        ],
        "nixpkgs": [
          "sysc-greet",
          "nixpkgs"
        ]
      },
      "locked": {
        "lastModified": 1771646943,
        "narHash": "sha256-9xRcrQaiNVQzynncoWepaT4SzzMeZoFopIcuPIch2iY=",
        "owner": "Nomadcxx",
        "repo": "gSlapper",
        "rev": "6e18f69f21f1b3ef1afb1c7b8eaf1b4890a716ef",
        "type": "github"
      },
      "original": {
        "owner": "Nomadcxx",
        "repo": "gSlapper",
        "type": "github"
      }
    },
    "home-manager": {
      "inputs": {
        "nixpkgs": [
          "nixpkgs"
        ]
      },
      "locked": {
        "lastModified": 1784129366,
        "narHash": "sha256-N5JiyICSeQF14x+OQebNyPpYowOT9Rs1iKyeCylSzOA=",
        "owner": "nix-community",
        "repo": "home-manager",
        "rev": "165228b0efefc3e635e5174020c40ea64271dc25",
        "type": "github"
      },
      "original": {
        "owner": "nix-community",
        "repo": "home-manager",
        "type": "github"
      }
    },
    "home-manager_2": {
      "inputs": {
        "nixpkgs": [
          "yazelix-hm",
          "nixpkgs"
        ]
      },
      "locked": {
        "lastModified": 1783005591,
        "narHash": "sha256-NcLHV5uBAeggDUE2wPbKszjfyaSLsoqaYt7izOphkZw=",
        "owner": "nix-community",
        "repo": "home-manager",
        "rev": "f469c79b955609d6a8fdd9e689be76a93b1621d7",
        "type": "github"
      },
      "original": {
        "owner": "nix-community",
        "repo": "home-manager",
        "type": "github"
      }
    },
    "home-manager_3": {
      "inputs": {
        "nixpkgs": [
          "zen-browser",
          "nixpkgs"
        ]
      },
      "locked": {
        "lastModified": 1783963347,
        "narHash": "sha256-r376E2XpakiXwModDHIxlvB6qLq4iFVEq730vxOO4JY=",
        "owner": "nix-community",
        "repo": "home-manager",
        "rev": "a45a7c451455a51ae740ec3bce4024b312809c29",
        "type": "github"
      },
      "original": {
        "owner": "nix-community",
        "repo": "home-manager",
        "type": "github"
      }
    },
    "mars": {
      "inputs": {
        "flake-parts": "flake-parts_4",
        "nixpkgs": [
          "yazelix-hm",
          "nixpkgs"
        ],
        "rust-overlay": "rust-overlay_2",
        "systems": "systems_7"
      },
      "locked": {
        "lastModified": 1784092080,
        "narHash": "sha256-NcQZ/dtpklTrlixSkJHKaoXgUIbr8iXqZgmLgQniJWk=",
        "owner": "luccahuguet",
        "repo": "mars",
        "rev": "5a652a77aa8fe2ccc1edd9e5686d51f824053f06",
        "type": "github"
      },
      "original": {
        "owner": "luccahuguet",
        "repo": "mars",
        "type": "github"
      }
    },
    "monado-rift-wayland": {
      "inputs": {
        "monado-src": "monado-src",
        "nixpkgs": [
          "nixpkgs"
        ]
      },
      "locked": {
        "lastModified": 1783733503,
        "narHash": "sha256-UnbbH5/Cs665pmkJp48OW2+SIvXn/HGnNSc7E7dwO68=",
        "owner": "MaySeikatsu",
        "repo": "monado-rift-wayland",
        "rev": "6e605cd921fdff3817f75ca6bdb0319b67645402",
        "type": "github"
      },
      "original": {
        "owner": "MaySeikatsu",
        "repo": "monado-rift-wayland",
        "type": "github"
      }
    },
    "monado-src": {
      "flake": false,
      "locked": {
        "host": "gitlab.freedesktop.org",
        "lastModified": 1704550069,
        "narHash": "sha256-qp1EhOY340ckGjG88vhBlLkFDVI+YXcrR3kLjr4rSEE=",
        "owner": "monado",
        "repo": "monado",
        "rev": "0d662607e43aa3f4207fef2833badffcd0e6eae4",
        "type": "gitlab"
      },
      "original": {
        "host": "gitlab.freedesktop.org",
        "owner": "monado",
        "repo": "monado",
        "rev": "0d662607e43aa3f4207fef2833badffcd0e6eae4",
        "type": "gitlab"
      }
    },
    "naersk": {
      "inputs": {
        "fenix": "fenix",
        "nixpkgs": "nixpkgs"
      },
      "locked": {
        "lastModified": 1776200608,
        "narHash": "sha256-broZ6RFQr4Fv0wT73gGmzNX14A43TmTFF8g4wDKlNss=",
        "owner": "nix-community",
        "repo": "naersk",
        "rev": "8b23250ab45c2a38cd91031aee26478ca4d0a28e",
        "type": "github"
      },
      "original": {
        "owner": "nix-community",
        "repo": "naersk",
        "type": "github"
      }
    },
    "niri": {
      "inputs": {
        "nixpkgs": [
          "nixpkgs"
        ]
      },
      "locked": {
        "lastModified": 1783522755,
        "narHash": "sha256-dI0HkX1djETia7cD/Y64h8BNIsSOfTRMzfNum2J6UhE=",
        "owner": "niri-wm",
        "repo": "niri",
        "rev": "0777769e719b7c9b7c980d4ea66288bfbb4da5b3",
        "type": "github"
      },
      "original": {
        "owner": "niri-wm",
        "repo": "niri",
        "type": "github"
      }
    },
    "nixcord": {
      "inputs": {
        "flake-compat": "flake-compat",
        "flake-parts": "flake-parts",
        "nixpkgs": [
          "nixpkgs"
        ],
        "nixpkgs-nixcord": "nixpkgs-nixcord"
      },
      "locked": {
        "lastModified": 1784111200,
        "narHash": "sha256-d5UzKtZP2I7w5qLCEXACtk6t8tqFJ4yGi7yTCM1RSqU=",
        "owner": "kaylorben",
        "repo": "nixcord",
        "rev": "8707050780d9fa1a3dd7cfe4781849f4eae97414",
        "type": "github"
      },
      "original": {
        "owner": "kaylorben",
        "repo": "nixcord",
        "type": "github"
      }
    },
    "nixpkgs": {
      "locked": {
        "lastModified": 1752077645,
        "narHash": "sha256-HM791ZQtXV93xtCY+ZxG1REzhQenSQO020cu6rHtAPk=",
        "owner": "NixOS",
        "repo": "nixpkgs",
        "rev": "be9e214982e20b8310878ac2baa063a961c1bdf6",
        "type": "github"
      },
      "original": {
        "owner": "NixOS",
        "ref": "nixpkgs-unstable",
        "repo": "nixpkgs",
        "type": "github"
      }
    },
    "nixpkgs-lib": {
      "locked": {
        "lastModified": 1782614948,
        "narHash": "sha256-ePjCwr1sNm9NYUqywL7QfK3JnlS015msC+eBu2zKlp8=",
        "owner": "nix-community",
        "repo": "nixpkgs.lib",
        "rev": "db3f255737b94216eb71cce308e2912cf6bc2d7c",
        "type": "github"
      },
      "original": {
        "owner": "nix-community",
        "repo": "nixpkgs.lib",
        "type": "github"
      }
    },
    "nixpkgs-lib_2": {
      "locked": {
        "lastModified": 1777168982,
        "narHash": "sha256-GOkGPcboWE9BmGCRMLX3worL4EMnsnG8MyKmXNeYuhQ=",
        "owner": "nix-community",
        "repo": "nixpkgs.lib",
        "rev": "f5901329dade4a6ea039af1433fb087bd9c1fe14",
        "type": "github"
      },
      "original": {
        "owner": "nix-community",
        "repo": "nixpkgs.lib",
        "type": "github"
      }
    },
    "nixpkgs-nixcord": {
      "locked": {
        "lastModified": 1782999065,
        "narHash": "sha256-5Dgj5+pIQYZKrXUGaLCk7CKfN3MmpwIhO94++WVxvng=",
        "owner": "NixOS",
        "repo": "nixpkgs",
        "rev": "80d591ed473cfc46329932c2aadac9b435342c7c",
        "type": "github"
      },
      "original": {
        "owner": "NixOS",
        "ref": "nixos-26.05",
        "repo": "nixpkgs",
        "type": "github"
      }
    },
    "nixpkgs-stable": {
      "locked": {
        "lastModified": 1782847189,
        "narHash": "sha256-twXPFqFsrrY5r28Zh7Homgcp2gUMBgQ6WDS98Q/3xFI=",
        "owner": "nixos",
        "repo": "nixpkgs",
        "rev": "b6018f87da91d19d0ab4cf979885689b469cdd41",
        "type": "github"
      },
      "original": {
        "owner": "nixos",
        "ref": "nixos-25.11",
        "repo": "nixpkgs",
        "type": "github"
      }
    },
    "nixpkgs_2": {
      "locked": {
        "lastModified": 1784007870,
        "narHash": "sha256-djcLt/JJphyNt4eDY9XTly+/WbCK5lqWq9lSgCmJkkQ=",
        "owner": "nixos",
        "repo": "nixpkgs",
        "rev": "18b9261cb3294b6d2a06d03f96872827b8fe2698",
        "type": "github"
      },
      "original": {
        "owner": "nixos",
        "ref": "nixos-unstable",
        "repo": "nixpkgs",
        "type": "github"
      }
    },
    "nixpkgs_3": {
      "locked": {
        "lastModified": 1777578337,
        "narHash": "sha256-Ad49moKWeXtKBJNy2ebiTQUEgdLyvGmTeykAQ9xM+Z4=",
        "owner": "nixos",
        "repo": "nixpkgs",
        "rev": "15f4ee454b1dce334612fa6843b3e05cf546efab",
        "type": "github"
      },
      "original": {
        "owner": "nixos",
        "ref": "nixos-unstable",
        "repo": "nixpkgs",
        "type": "github"
      }
    },
    "nixpkgs_4": {
      "locked": {
        "lastModified": 1784007870,
        "narHash": "sha256-djcLt/JJphyNt4eDY9XTly+/WbCK5lqWq9lSgCmJkkQ=",
        "owner": "nixos",
        "repo": "nixpkgs",
        "rev": "18b9261cb3294b6d2a06d03f96872827b8fe2698",
        "type": "github"
      },
      "original": {
        "owner": "nixos",
        "ref": "nixos-unstable",
        "repo": "nixpkgs",
        "type": "github"
      }
    },
    "noctalia": {
      "inputs": {
        "nixpkgs": [
          "nixpkgs"
        ]
      },
      "locked": {
        "lastModified": 1784129013,
        "narHash": "sha256-k1N7CgIWqfkh3pu61Pxp2b26ueSSHVgZoTL7tzKiPzE=",
        "owner": "noctalia-dev",
        "repo": "noctalia",
        "rev": "f5ba54a5e25fc0a6cd54583a9fb3c68e8c439704",
        "type": "github"
      },
      "original": {
        "owner": "noctalia-dev",
        "repo": "noctalia",
        "type": "github"
      }
    },
    "noren": {
      "inputs": {
        "nixpkgs": [
          "nixpkgs"
        ]
      },
      "locked": {
        "lastModified": 1783959485,
        "narHash": "sha256-XW3gEsRd81PGijer6w2thxfevqk9tKX3A3NO3RzPRV0=",
        "owner": "MaySeikatsu",
        "repo": "noren",
        "rev": "bc355497fa39eaf327490ba8c4254f6c39382165",
        "type": "github"
      },
      "original": {
        "owner": "MaySeikatsu",
        "repo": "noren",
        "type": "github"
      }
    },
    "notify-hx": {
      "flake": false,
      "locked": {
        "lastModified": 1774848700,
        "narHash": "sha256-shKUVnJw2j0yYO+mTHsKie+d1VrJGWDTRul+PTpqlhs=",
        "owner": "chuwy",
        "repo": "notify.hx",
        "rev": "0a328073e6d3e5041346374ae747c275ab8ce746",
        "type": "github"
      },
      "original": {
        "owner": "chuwy",
        "repo": "notify.hx",
        "type": "github"
      }
    },
    "nur": {
      "inputs": {
        "flake-parts": [
          "stylix",
          "flake-parts"
        ],
        "nixpkgs": [
          "stylix",
          "nixpkgs"
        ]
      },
      "locked": {
        "lastModified": 1780281641,
        "narHash": "sha256-M/+hUKoKbHXpV0xGVfELbN1Ds1aoe3pL5p5/t46YhVo=",
        "owner": "nix-community",
        "repo": "NUR",
        "rev": "30f9ae2f04174de63ba8bcf3580ca90843b28a01",
        "type": "github"
      },
      "original": {
        "owner": "nix-community",
        "repo": "NUR",
        "type": "github"
      }
    },
    "ratconfig": {
      "flake": false,
      "locked": {
        "lastModified": 1784086061,
        "narHash": "sha256-fDPAHciV7916cCXkiaysAGSv20AcnS4lg+4gEgArC1U=",
        "owner": "luccahuguet",
        "repo": "ratconfig",
        "rev": "c6ee6662013afd2d832c391d206d63ff1f6c8c1f",
        "type": "github"
      },
      "original": {
        "owner": "luccahuguet",
        "repo": "ratconfig",
        "type": "github"
      }
    },
    "root": {
      "inputs": {
        "evil-yazelix-helix": "evil-yazelix-helix",
        "forest-hx": "forest-hx",
        "fsel": "fsel",
        "glyph-hx": "glyph-hx",
        "home-manager": "home-manager",
        "monado-rift-wayland": "monado-rift-wayland",
        "niri": "niri",
        "nixcord": "nixcord",
        "nixpkgs": "nixpkgs_2",
        "nixpkgs-stable": "nixpkgs-stable",
        "noctalia": "noctalia",
        "noren": "noren",
        "notify-hx": "notify-hx",
        "sops-nix": "sops-nix",
        "spicetify-nix": "spicetify-nix",
        "spotatui": "spotatui",
        "stylix": "stylix",
        "sysc-greet": "sysc-greet",
        "system76-scheduler-niri": "system76-scheduler-niri",
        "tagstudio": "tagstudio",
        "textfox": "textfox",
        "yazelix-hm": "yazelix-hm",
        "zen-browser": "zen-browser"
      }
    },
    "rust-analyzer-src": {
      "flake": false,
      "locked": {
        "lastModified": 1752428706,
        "narHash": "sha256-EJcdxw3aXfP8Ex1Nm3s0awyH9egQvB2Gu+QEnJn2Sfg=",
        "owner": "rust-lang",
        "repo": "rust-analyzer",
        "rev": "591e3b7624be97e4443ea7b5542c191311aa141d",
        "type": "github"
      },
      "original": {
        "owner": "rust-lang",
        "ref": "nightly",
        "repo": "rust-analyzer",
        "type": "github"
      }
    },
    "rust-analyzer-src_2": {
      "flake": false,
      "locked": {
        "lastModified": 1777924689,
        "narHash": "sha256-9Z0puLyCSYvtYhP1IZMxC05DSgwA+5rE99jsv1KErc4=",
        "owner": "rust-lang",
        "repo": "rust-analyzer",
        "rev": "91c7c2c4ca6a0520cfbf97e369e4fb7bf0b63b7a",
        "type": "github"
      },
      "original": {
        "owner": "rust-lang",
        "ref": "nightly",
        "repo": "rust-analyzer",
        "type": "github"
      }
    },
    "rust-analyzer-src_3": {
      "flake": false,
      "locked": {
        "lastModified": 1777924689,
        "narHash": "sha256-9Z0puLyCSYvtYhP1IZMxC05DSgwA+5rE99jsv1KErc4=",
        "owner": "rust-lang",
        "repo": "rust-analyzer",
        "rev": "91c7c2c4ca6a0520cfbf97e369e4fb7bf0b63b7a",
        "type": "github"
      },
      "original": {
        "owner": "rust-lang",
        "ref": "nightly",
        "repo": "rust-analyzer",
        "type": "github"
      }
    },
    "rust-analyzer-src_4": {
      "flake": false,
      "locked": {
        "lastModified": 1779221047,
        "narHash": "sha256-HkOWI9C4kxA6xkS9GXhe4hAAme7ekOWje3b1U7rLSIo=",
        "owner": "rust-lang",
        "repo": "rust-analyzer",
        "rev": "f4bd646a7867c7814770168e0d4b9bd3418c1066",
        "type": "github"
      },
      "original": {
        "owner": "rust-lang",
        "ref": "nightly",
        "repo": "rust-analyzer",
        "type": "github"
      }
    },
    "rust-analyzer-src_5": {
      "flake": false,
      "locked": {
        "lastModified": 1777924689,
        "narHash": "sha256-9Z0puLyCSYvtYhP1IZMxC05DSgwA+5rE99jsv1KErc4=",
        "owner": "rust-lang",
        "repo": "rust-analyzer",
        "rev": "91c7c2c4ca6a0520cfbf97e369e4fb7bf0b63b7a",
        "type": "github"
      },
      "original": {
        "owner": "rust-lang",
        "ref": "nightly",
        "repo": "rust-analyzer",
        "type": "github"
      }
    },
    "rust-overlay": {
      "inputs": {
        "nixpkgs": [
          "evil-yazelix-helix",
          "nixpkgs"
        ]
      },
      "locked": {
        "lastModified": 1775358767,
        "narHash": "sha256-f2eC+WIfhjevCPQILuV08i/kmKZzYZpUvkom/33VxCA=",
        "owner": "oxalica",
        "repo": "rust-overlay",
        "rev": "20fd44bc663daa53a2575e01293e24e681d62244",
        "type": "github"
      },
      "original": {
        "owner": "oxalica",
        "repo": "rust-overlay",
        "type": "github"
      }
    },
    "rust-overlay_2": {
      "inputs": {
        "nixpkgs": [
          "yazelix-hm",
          "mars",
          "nixpkgs"
        ]
      },
      "locked": {
        "lastModified": 1781320681,
        "narHash": "sha256-mjJ/VxJaIkgcUvKANgKOaaN5M1X1X+6NjCP0C5hw0WI=",
        "owner": "oxalica",
        "repo": "rust-overlay",
        "rev": "5b929d8c854149d926d05ea0cd6469bf4e54db27",
        "type": "github"
      },
      "original": {
        "owner": "oxalica",
        "repo": "rust-overlay",
        "type": "github"
      }
    },
    "rust-overlay_3": {
      "inputs": {
        "nixpkgs": [
          "yazelix-hm",
          "zjstatus",
          "nixpkgs"
        ]
      },
      "locked": {
        "lastModified": 1776395632,
        "narHash": "sha256-Mi1uF5f2FsdBIvy+v7MtsqxD3Xjhd0ARJdwoqqqPtJo=",
        "owner": "oxalica",
        "repo": "rust-overlay",
        "rev": "8087ff1f47fff983a1fba70fa88b759f2fd8ae97",
        "type": "github"
      },
      "original": {
        "owner": "oxalica",
        "repo": "rust-overlay",
        "type": "github"
      }
    },
    "sops-nix": {
      "inputs": {
        "nixpkgs": [
          "nixpkgs"
        ]
      },
      "locked": {
        "lastModified": 1783174389,
        "narHash": "sha256-aCWC8ngycU7OdJrU2+Je3qf+1a2ykuBvpPhZT/9tXMc=",
        "owner": "Mic92",
        "repo": "sops-nix",
        "rev": "f1406619a3884cd5c47992a70b8b35c9c0fcb4c9",
        "type": "github"
      },
      "original": {
        "owner": "Mic92",
        "repo": "sops-nix",
        "type": "github"
      }
    },
    "spicetify-nix": {
      "inputs": {
        "nixpkgs": [
          "nixpkgs"
        ],
        "systems": "systems_2"
      },
      "locked": {
        "lastModified": 1783838433,
        "narHash": "sha256-Zb8+v76qSPYDlUea1y30YzgdEoDjA97vRmeqfPAqwZs=",
        "owner": "Gerg-L",
        "repo": "spicetify-nix",
        "rev": "c6ab7371e40abd405313af9bddafd5f37cc94f83",
        "type": "github"
      },
      "original": {
        "owner": "Gerg-L",
        "repo": "spicetify-nix",
        "type": "github"
      }
    },
    "spotatui": {
      "inputs": {
        "flake-utils": "flake-utils_2",
        "nixpkgs": [
          "nixpkgs"
        ]
      },
      "locked": {
        "lastModified": 1771942750,
        "narHash": "sha256-gNUL8r1Kgoa/7DSUg6ImuXy9B+jactPAwbu0c2hhO/k=",
        "owner": "mayseikatsu",
        "repo": "spotatui",
        "rev": "5630c3f105a5ad0425008ee76199a50deda319ad",
        "type": "github"
      },
      "original": {
        "owner": "mayseikatsu",
        "repo": "spotatui",
        "type": "github"
      }
    },
    "starshipYazi": {
      "flake": false,
      "locked": {
        "lastModified": 1781463098,
        "narHash": "sha256-I21to4cxlszRpsb58cvsmwX7VglQBSJC0rrsFIltzC8=",
        "owner": "Rolv-Apneseth",
        "repo": "starship.yazi",
        "rev": "159eaba5b5052bf78ff6cfbfe4e527b946818c82",
        "type": "github"
      },
      "original": {
        "owner": "Rolv-Apneseth",
        "repo": "starship.yazi",
        "type": "github"
      }
    },
    "stylix": {
      "inputs": {
        "base16": "base16",
        "base16-fish": "base16-fish",
        "base16-helix": "base16-helix",
        "base16-vim": "base16-vim",
        "firefox-gnome-theme": "firefox-gnome-theme",
        "flake-parts": "flake-parts_2",
        "gnome-shell": "gnome-shell",
        "nixpkgs": [
          "nixpkgs"
        ],
        "nur": "nur",
        "systems": "systems_4",
        "tinted-kitty": "tinted-kitty",
        "tinted-schemes": "tinted-schemes",
        "tinted-tmux": "tinted-tmux",
        "tinted-zed": "tinted-zed"
      },
      "locked": {
        "lastModified": 1784059683,
        "narHash": "sha256-q5MZrmKlg9A4ORx3EQcr7qkuidMU1gVZ+xJ3nCK+xgc=",
        "owner": "danth",
        "repo": "stylix",
        "rev": "c8ccc31f3ea29dc3eb5b54945e5eb549529491d6",
        "type": "github"
      },
      "original": {
        "owner": "danth",
        "repo": "stylix",
        "type": "github"
      }
    },
    "sysc-greet": {
      "inputs": {
        "flake-utils": "flake-utils_3",
        "gslapper": "gslapper",
        "nixpkgs": [
          "nixpkgs"
        ]
      },
      "locked": {
        "lastModified": 1783434101,
        "narHash": "sha256-s6l9x8Ax2K4+7DlOA0XfY9JWJPzYjePZnQDomi0bM9c=",
        "owner": "Nomadcxx",
        "repo": "sysc-greet",
        "rev": "4ba323851647ba6d21662a8da3dcdbabbba97889",
        "type": "github"
      },
      "original": {
        "owner": "Nomadcxx",
        "repo": "sysc-greet",
        "type": "github"
      }
    },
    "system76-scheduler-niri": {
      "inputs": {
        "nixpkgs": [
          "nixpkgs"
        ]
      },
      "locked": {
        "lastModified": 1777136666,
        "narHash": "sha256-W9OFej3iM5okSG50EGEYkiGzDyOnFNu1laCqCdy0Kxw=",
        "owner": "mayseikatsu",
        "repo": "system76-scheduler-niri",
        "rev": "30b3b162851b93d26433c9eb873e8436d01355c8",
        "type": "github"
      },
      "original": {
        "owner": "mayseikatsu",
        "repo": "system76-scheduler-niri",
        "type": "github"
      }
    },
    "systems": {
      "locked": {
        "lastModified": 1681028828,
        "narHash": "sha256-Vy1rq5AaRuLzOxct8nz4T6wlgyUR7zLU309k9mBC768=",
        "owner": "nix-systems",
        "repo": "default",
        "rev": "da67096a3b9bf56a91d16901293e51ba5b49a27e",
        "type": "github"
      },
      "original": {
        "owner": "nix-systems",
        "repo": "default",
        "type": "github"
      }
    },
    "systems_10": {
      "locked": {
        "lastModified": 1681028828,
        "narHash": "sha256-Vy1rq5AaRuLzOxct8nz4T6wlgyUR7zLU309k9mBC768=",
        "owner": "nix-systems",
        "repo": "default",
        "rev": "da67096a3b9bf56a91d16901293e51ba5b49a27e",
        "type": "github"
      },
      "original": {
        "owner": "nix-systems",
        "repo": "default",
        "type": "github"
      }
    },
    "systems_2": {
      "locked": {
        "lastModified": 1681028828,
        "narHash": "sha256-Vy1rq5AaRuLzOxct8nz4T6wlgyUR7zLU309k9mBC768=",
        "owner": "nix-systems",
        "repo": "default",
        "rev": "da67096a3b9bf56a91d16901293e51ba5b49a27e",
        "type": "github"
      },
      "original": {
        "owner": "nix-systems",
        "repo": "default",
        "type": "github"
      }
    },
    "systems_3": {
      "locked": {
        "lastModified": 1681028828,
        "narHash": "sha256-Vy1rq5AaRuLzOxct8nz4T6wlgyUR7zLU309k9mBC768=",
        "owner": "nix-systems",
        "repo": "default",
        "rev": "da67096a3b9bf56a91d16901293e51ba5b49a27e",
        "type": "github"
      },
      "original": {
        "owner": "nix-systems",
        "repo": "default",
        "type": "github"
      }
    },
    "systems_4": {
      "locked": {
        "lastModified": 1681028828,
        "narHash": "sha256-Vy1rq5AaRuLzOxct8nz4T6wlgyUR7zLU309k9mBC768=",
        "owner": "nix-systems",
        "repo": "default",
        "rev": "da67096a3b9bf56a91d16901293e51ba5b49a27e",
        "type": "github"
      },
      "original": {
        "owner": "nix-systems",
        "repo": "default",
        "type": "github"
      }
    },
    "systems_5": {
      "locked": {
        "lastModified": 1681028828,
        "narHash": "sha256-Vy1rq5AaRuLzOxct8nz4T6wlgyUR7zLU309k9mBC768=",
        "owner": "nix-systems",
        "repo": "default",
        "rev": "da67096a3b9bf56a91d16901293e51ba5b49a27e",
        "type": "github"
      },
      "original": {
        "owner": "nix-systems",
        "repo": "default",
        "type": "github"
      }
    },
    "systems_6": {
      "locked": {
        "lastModified": 1681028828,
        "narHash": "sha256-Vy1rq5AaRuLzOxct8nz4T6wlgyUR7zLU309k9mBC768=",
        "owner": "nix-systems",
        "repo": "default",
        "rev": "da67096a3b9bf56a91d16901293e51ba5b49a27e",
        "type": "github"
      },
      "original": {
        "owner": "nix-systems",
        "repo": "default",
        "type": "github"
      }
    },
    "systems_7": {
      "locked": {
        "lastModified": 1681028828,
        "narHash": "sha256-Vy1rq5AaRuLzOxct8nz4T6wlgyUR7zLU309k9mBC768=",
        "owner": "nix-systems",
        "repo": "default",
        "rev": "da67096a3b9bf56a91d16901293e51ba5b49a27e",
        "type": "github"
      },
      "original": {
        "owner": "nix-systems",
        "repo": "default",
        "type": "github"
      }
    },
    "systems_8": {
      "locked": {
        "lastModified": 1681028828,
        "narHash": "sha256-Vy1rq5AaRuLzOxct8nz4T6wlgyUR7zLU309k9mBC768=",
        "owner": "nix-systems",
        "repo": "default",
        "rev": "da67096a3b9bf56a91d16901293e51ba5b49a27e",
        "type": "github"
      },
      "original": {
        "owner": "nix-systems",
        "repo": "default",
        "type": "github"
      }
    },
    "systems_9": {
      "locked": {
        "lastModified": 1681028828,
        "narHash": "sha256-Vy1rq5AaRuLzOxct8nz4T6wlgyUR7zLU309k9mBC768=",
        "owner": "nix-systems",
        "repo": "default",
        "rev": "da67096a3b9bf56a91d16901293e51ba5b49a27e",
        "type": "github"
      },
      "original": {
        "owner": "nix-systems",
        "repo": "default",
        "type": "github"
      }
    },
    "tagstudio": {
      "inputs": {
        "flake-parts": "flake-parts_3",
        "nixpkgs": [
          "nixpkgs"
        ],
        "systems": "systems_6"
      },
      "locked": {
        "lastModified": 1783915711,
        "narHash": "sha256-yQh33EaFowHElTE2aaezQwaRB/GbqYT7OKxYaSZFAIw=",
        "owner": "TagStudioDev",
        "repo": "TagStudio",
        "rev": "6aa0cf74f9a47845dcb0822139ffeb688aeeb467",
        "type": "github"
      },
      "original": {
        "owner": "TagStudioDev",
        "repo": "TagStudio",
        "type": "github"
      }
    },
    "textfox": {
      "inputs": {
        "nixpkgs": [
          "nixpkgs-stable"
        ]
      },
      "locked": {
        "lastModified": 1780405768,
        "narHash": "sha256-WhPHaupeq5yWP53anFH6vr/ZMQQtAYGtpgUhzqWx9Ws=",
        "owner": "adriankarlen",
        "repo": "textfox",
        "rev": "d6895da75f10fa17f1b637759aec3d84818b20e2",
        "type": "github"
      },
      "original": {
        "owner": "adriankarlen",
        "repo": "textfox",
        "type": "github"
      }
    },
    "tinted-kitty": {
      "flake": false,
      "locked": {
        "lastModified": 1735730497,
        "narHash": "sha256-4KtB+FiUzIeK/4aHCKce3V9HwRvYaxX+F1edUrfgzb8=",
        "owner": "tinted-theming",
        "repo": "tinted-kitty",
        "rev": "de6f888497f2c6b2279361bfc790f164bfd0f3fa",
        "type": "github"
      },
      "original": {
        "owner": "tinted-theming",
        "repo": "tinted-kitty",
        "type": "github"
      }
    },
    "tinted-schemes": {
      "flake": false,
      "locked": {
        "lastModified": 1777806186,
        "narHash": "sha256-PDF0/wObw4nIsSBeXVYLsloXOiphXCgIdsrNcVXguKs=",
        "owner": "tinted-theming",
        "repo": "schemes",
        "rev": "0c94645546f4f3ddac77a1a5fce54eb95bf50795",
        "type": "github"
      },
      "original": {
        "owner": "tinted-theming",
        "repo": "schemes",
        "type": "github"
      }
    },
    "tinted-tmux": {
      "flake": false,
      "locked": {
        "lastModified": 1778379944,
        "narHash": "sha256-wPDFzMGSlARlw0Sfsn48Q2+jPSfk6N0Ng6BC/d+7Q24=",
        "owner": "tinted-theming",
        "repo": "tinted-tmux",
        "rev": "fe0203a198690e71a5ff11e08812a4673de3678d",
        "type": "github"
      },
      "original": {
        "owner": "tinted-theming",
        "repo": "tinted-tmux",
        "type": "github"
      }
    },
    "tinted-zed": {
      "flake": false,
      "locked": {
        "lastModified": 1778378178,
        "narHash": "sha256-OXPXRIQgGwV77HjYRryOHguh4ALX96jkg+tseLkGgHA=",
        "owner": "tinted-theming",
        "repo": "base16-zed",
        "rev": "9cd816033ff969415b190722cddf134e78a5665f",
        "type": "github"
      },
      "original": {
        "owner": "tinted-theming",
        "repo": "base16-zed",
        "type": "github"
      }
    },
    "yazelix-hm": {
      "inputs": {
        "autoLayoutYazi": "autoLayoutYazi",
        "home-manager": "home-manager_2",
        "mars": "mars",
        "nixpkgs": [
          "nixpkgs"
        ],
        "ratconfig": "ratconfig",
        "starshipYazi": "starshipYazi",
        "yazelixCursors": "yazelixCursors",
        "yazelixHelix": [
          "evil-yazelix-helix"
        ],
        "yazelixScreen": "yazelixScreen",
        "yazelixZellij": "yazelixZellij",
        "yazelixZellijBar": "yazelixZellijBar",
        "yazelixZellijPaneOrchestrator": "yazelixZellijPaneOrchestrator",
        "yazelixZellijPopup": "yazelixZellijPopup",
        "zjstatus": "zjstatus"
      },
      "locked": {
        "lastModified": 1784129757,
        "narHash": "sha256-mbpvXzN2fGzQjz/ze56r7W3ZyfTCIedED4tZobNO2v8=",
        "owner": "luccahuguet",
        "repo": "yazelix",
        "rev": "47a9563587d28d1bfcb7937c6691346559ab4898",
        "type": "github"
      },
      "original": {
        "owner": "luccahuguet",
        "repo": "yazelix",
        "type": "github"
      }
    },
    "yazelixCursors": {
      "inputs": {
        "nixpkgs": [
          "yazelix-hm",
          "nixpkgs"
        ]
      },
      "locked": {
        "lastModified": 1783832237,
        "narHash": "sha256-xy457vsW58UdonTJ8MAU+S60cONScn+IKTnpsJQ9Jx0=",
        "owner": "luccahuguet",
        "repo": "yazelix-cursors",
        "rev": "ae56aa509e698d50c65c9aca9d59cd98a4d244ac",
        "type": "github"
      },
      "original": {
        "owner": "luccahuguet",
        "repo": "yazelix-cursors",
        "type": "github"
      }
    },
    "yazelixScreen": {
      "inputs": {
        "fenix": "fenix_2",
        "nixpkgs": [
          "yazelix-hm",
          "nixpkgs"
        ]
      },
      "locked": {
        "lastModified": 1783176833,
        "narHash": "sha256-jYDwEMZSAR1nhUHsVmOWgphX000BfiWmULC3dcvgwzw=",
        "owner": "luccahuguet",
        "repo": "yazelix-screen",
        "rev": "d5975b97fc157ce44b5140432fc006154a63886a",
        "type": "github"
      },
      "original": {
        "owner": "luccahuguet",
        "repo": "yazelix-screen",
        "type": "github"
      }
    },
    "yazelixZellij": {
      "flake": false,
      "locked": {
        "lastModified": 1782497117,
        "narHash": "sha256-mCG03DeZy6e6vWnxuf7wevCrve1MyzvhG7tprbokkik=",
        "owner": "luccahuguet",
        "repo": "yazelix-zellij",
        "rev": "4aa20707c644475a2d046fdd1c267b9db3af366c",
        "type": "github"
      },
      "original": {
        "owner": "luccahuguet",
        "ref": "yazelix_kgp_preview",
        "repo": "yazelix-zellij",
        "type": "github"
      }
    },
    "yazelixZellijBar": {
      "inputs": {
        "fenix": "fenix_3",
        "nixpkgs": [
          "yazelix-hm",
          "nixpkgs"
        ],
        "zjstatus": [
          "yazelix-hm",
          "zjstatus"
        ]
      },
      "locked": {
        "lastModified": 1784086201,
        "narHash": "sha256-0Y7U7L552LaNBspu9i4Rfoz9j9fNFB3fsOir5kQk1R0=",
        "owner": "luccahuguet",
        "repo": "yazelix-zellij-bar",
        "rev": "facd2e4e34c8de3331e9ac9e1fa06373ad92f27a",
        "type": "github"
      },
      "original": {
        "owner": "luccahuguet",
        "repo": "yazelix-zellij-bar",
        "type": "github"
      }
    },
    "yazelixZellijPaneOrchestrator": {
      "inputs": {
        "fenix": "fenix_4",
        "flake-utils": "flake-utils_4",
        "nixpkgs": [
          "yazelix-hm",
          "nixpkgs"
        ]
      },
      "locked": {
        "lastModified": 1784088144,
        "narHash": "sha256-oBhu+KOp+Fjh5wpo6MnR4I7ONT/KOgaeyiwfxWPnyNc=",
        "owner": "luccahuguet",
        "repo": "yazelix-zellij-pane-orchestrator",
        "rev": "8d4712a6a8380d8b2ddcd241ae91aedfbf6896b3",
        "type": "github"
      },
      "original": {
        "owner": "luccahuguet",
        "repo": "yazelix-zellij-pane-orchestrator",
        "type": "github"
      }
    },
    "yazelixZellijPopup": {
      "inputs": {
        "fenix": "fenix_5",
        "flake-utils": "flake-utils_5",
        "nixpkgs": [
          "yazelix-hm",
          "nixpkgs"
        ]
      },
      "locked": {
        "lastModified": 1784087308,
        "narHash": "sha256-cKNWPydEEWsf3/2oVIfz+wruVBgC/LGEOuKLYWOlwjg=",
        "owner": "luccahuguet",
        "repo": "yazelix-zellij-popup",
        "rev": "72b898aa7d21d800b4fa66fa54a89e7339feabb1",
        "type": "github"
      },
      "original": {
        "owner": "luccahuguet",
        "repo": "yazelix-zellij-popup",
        "type": "github"
      }
    },
    "zen-browser": {
      "inputs": {
        "home-manager": "home-manager_3",
        "nixpkgs": "nixpkgs_4"
      },
      "locked": {
        "lastModified": 1784113456,
        "narHash": "sha256-dvOjuJ8p4k5sRlicRh+j8bnxI5uE+vKbfZ8KfEUqyQY=",
        "owner": "0xc000022070",
        "repo": "zen-browser-flake",
        "rev": "0633aae2e5b3a813ae222fc7456a44c50efc5aeb",
        "type": "github"
      },
      "original": {
        "owner": "0xc000022070",
        "repo": "zen-browser-flake",
        "type": "github"
      }
    },
    "zjstatus": {
      "inputs": {
        "crane": "crane",
        "flake-utils": "flake-utils_6",
        "nixpkgs": [
          "yazelix-hm",
          "nixpkgs"
        ],
        "rust-overlay": "rust-overlay_3"
      },
      "locked": {
        "lastModified": 1784090562,
        "narHash": "sha256-t/RhxRDHPacgW+SRpDixZRXjQc4AgqrSXiS6VeopLkk=",
        "owner": "luccahuguet",
        "repo": "zjstatus",
        "rev": "e5cfb0ead8bdefaff25c6de726dc8b7a45282d19",
        "type": "github"
      },
      "original": {
        "owner": "luccahuguet",
        "ref": "yazelix-tab-activity-pipe",
        "repo": "zjstatus",
        "type": "github"
      }
    }
  },
  "root": "root",
  "version": 7
}
